
Microsoft Visual Studio Solution File, Format Version 12.00
# Visual Studio Version 17
VisualStudioVersion = 17.7.34202.233
MinimumVisualStudioVersion = 10.0.40219.1
Project("{FAE04EC0-301F-11D3-BF4B-00C04F79EFBC}") = "Vollkommende Zahl", "Vollkommende Zahl\Vollkommende Zahl.csproj", "{89FA9EB3-69D4-4F7F-92D9-F12CB5F9598E}"
EndProject
Global
	GlobalSection(SolutionConfigurationPlatforms) = preSolution
		Debug|Any CPU = Debug|Any CPU
		Release|Any CPU = Release|Any CPU
	EndGlobalSection
	GlobalSection(ProjectConfigurationPlatforms) = postSolution
		{89FA9EB3-69D4-4F7F-92D9-F12CB5F9598E}.Debug|Any CPU.ActiveCfg = Debug|Any CPU
		{89FA9EB3-69D4-4F7F-92D9-F12CB5F9598E}.Debug|Any CPU.Build.0 = Debug|Any CPU
		{89FA9EB3-69D4-4F7F-92D9-F12CB5F9598E}.Release|Any CPU.ActiveCfg = Release|Any CPU
		{89FA9EB3-69D4-4F7F-92D9-F12CB5F9598E}.Release|Any CPU.Build.0 = Release|Any CPU
	EndGlobalSection
	GlobalSection(SolutionProperties) = preSolution
		HideSolutionNode = FALSE
	EndGlobalSection
	GlobalSection(ExtensibilityGlobals) = postSolution
		SolutionGuid = {3A6B6BB0-902B-40DB-A1F1-2DE919295431}
	EndGlobalSection
EndGlobal
